
Microsoft Visual Studio Solution File, Format Version 12.00
# Visual Studio Version 17
VisualStudioVersion = 17.9.34622.214
MinimumVisualStudioVersion = 10.0.40219.1
Project("{9A19103F-16F7-4668-BE54-9A1E7A4F7556}") = "Application", "Application.csproj", "{148F07B5-7DCC-400A-91DE-98E5D98741B0}"
EndProject
Project("{FAE04EC0-301F-11D3-BF4B-00C04F79EFBC}") = "Application.AutomatedTests", "..\Application.AutomatedTests\Application.AutomatedTests.csproj", "{B4096ACA-96E6-4C13-B198-178035CAE624}"
EndProject
Global
	GlobalSection(SolutionConfigurationPlatforms) = preSolution
		Debug|Any CPU = Debug|Any CPU
		Release|Any CPU = Release|Any CPU
	EndGlobalSection
	GlobalSection(ProjectConfigurationPlatforms) = postSolution
		{148F07B5-7DCC-400A-91DE-98E5D98741B0}.Debug|Any CPU.ActiveCfg = Debug|Any CPU
		{148F07B5-7DCC-400A-91DE-98E5D98741B0}.Debug|Any CPU.Build.0 = Debug|Any CPU
		{148F07B5-7DCC-400A-91DE-98E5D98741B0}.Release|Any CPU.ActiveCfg = Release|Any CPU
		{148F07B5-7DCC-400A-91DE-98E5D98741B0}.Release|Any CPU.Build.0 = Release|Any CPU
		{B4096ACA-96E6-4C13-B198-178035CAE624}.Debug|Any CPU.ActiveCfg = Debug|Any CPU
		{B4096ACA-96E6-4C13-B198-178035CAE624}.Debug|Any CPU.Build.0 = Debug|Any CPU
		{B4096ACA-96E6-4C13-B198-178035CAE624}.Release|Any CPU.ActiveCfg = Release|Any CPU
		{B4096ACA-96E6-4C13-B198-178035CAE624}.Release|Any CPU.Build.0 = Release|Any CPU
	EndGlobalSection
	GlobalSection(SolutionProperties) = preSolution
		HideSolutionNode = FALSE
	EndGlobalSection
	GlobalSection(ExtensibilityGlobals) = postSolution
		SolutionGuid = {2707B409-0DC3-4D96-AD5A-19CD5DD98AC9}
	EndGlobalSection
EndGlobal
